
Microsoft Visual Studio Solution File, Format Version 12.00
# Visual Studio 15
VisualStudioVersion = 15.0.28307.168
MinimumVisualStudioVersion = 10.0.40219.1
Project("{FAE04EC0-301F-11D3-BF4B-00C04F79EFBC}") = "Assignment2-Computational_Problem_Solving", "Assignment2-Computational_Problem_Solving\Assignment2-Computational_Problem_Solving.csproj", "{48C8321C-5948-4AA1-B2FD-A9FB784E0B3A}"
EndProject
Global
	GlobalSection(SolutionConfigurationPlatforms) = preSolution
		Debug|Any CPU = Debug|Any CPU
		Release|Any CPU = Release|Any CPU
	EndGlobalSection
	GlobalSection(ProjectConfigurationPlatforms) = postSolution
		{48C8321C-5948-4AA1-B2FD-A9FB784E0B3A}.Debug|Any CPU.ActiveCfg = Debug|Any CPU
		{48C8321C-5948-4AA1-B2FD-A9FB784E0B3A}.Debug|Any CPU.Build.0 = Debug|Any CPU
		{48C8321C-5948-4AA1-B2FD-A9FB784E0B3A}.Release|Any CPU.ActiveCfg = Release|Any CPU
		{48C8321C-5948-4AA1-B2FD-A9FB784E0B3A}.Release|Any CPU.Build.0 = Release|Any CPU
	EndGlobalSection
	GlobalSection(SolutionProperties) = preSolution
		HideSolutionNode = FALSE
	EndGlobalSection
	GlobalSection(ExtensibilityGlobals) = postSolution
		SolutionGuid = {F45838DC-0334-4458-B3C0-737B6C36AB6D}
	EndGlobalSection
EndGlobal
